{
  "meteor": {
    "git": "https://github.com/meteor/meteor.git",
    "branch": "master",
    "commit": "0ffea1c4c308ed24906984f99b13b8fca5a0956c"
  },
  "dependencies": {
    "basePackages": {
      "ace": {}
    },
    "packages": {
      "ace": {
        "git": "https://github.com/Jay-Oh-eN/meteor-ace.git",
        "tag": "v1.0.0",
        "commit": "01eb5802a48d6c44f038132c75bb92138569b000"
      }
    }
  }
}
